<Solution>
  <Project Path="Remuneracion.WinForms.csproj" />
  <Project Path="..\Remuneracion.Core\Remuneracion.Core.csproj" />
  <Project Path="..\Remuneracion.Infrastructure\Remuneracion.Infrastructure.csproj" />
  <Project Path="..\Remuneracion.Cli\Remuneracion.Cli.csproj" />
  <Project Path="..\Remuneracion.IntegrationTests\Remuneracion.IntegrationTests.csproj" />
</Solution>
